{
  "name": "Aniflex",
  "lockfileVersion": 3,
  "requires": true,
  "packages": {
    "": {
      "dependencies": {
        "aniparsec-ru": "^1.0.8"
      }
    },
    "node_modules/aniparsec-ru": {
      "version": "1.0.8",
      "resolved": "https://registry.npmjs.org/aniparsec-ru/-/aniparsec-ru-1.0.8.tgz",
      "integrity": "sha512-CHnORpsqSfvLXUccwCy764F/nxQypIKPNNV7pfi5LybUIbkX0bp3AtOCv94RYrMbUGRFcglffYzR2jwnqQKd6A==",
      "license": "MIT",
      "engines": {
        "node": ">=18.0.0"
      }
    }
  }
}
